// !$*UTF8*$!
{
	archiveVersion = 1;
	classes = {
	};
	objectVersion = 50;
	objects = {

/* Begin PBXBuildFile section */
		BCC3755A2397F45B001DE5F7 /* AppDelegate.swift in Sources */ = {isa = PBXBuildFile; fileRef = BCC375592397F45B001DE5F7 /* AppDelegate.swift */; };
		BCC3755C2397F45B001DE5F7 /* SceneDelegate.swift in Sources */ = {isa = PBXBuildFile; fileRef = BCC3755B2397F45B001DE5F7 /* SceneDelegate.swift */; };
		BCC3755E2397F45B001DE5F7 /* ViewController.swift in Sources */ = {isa = PBXBuildFile; fileRef = BCC3755D2397F45B001DE5F7 /* ViewController.swift */; };
		BCC375612397F45B001DE5F7 /* Main.storyboard in Resources */ = {isa = PBXBuildFile; fileRef = BCC3755F2397F45B001DE5F7 /* Main.storyboard */; };
		BCC375642397F45B001DE5F7 /* pinPhotos.xcdatamodeld in Sources */ = {isa = PBXBuildFile; fileRef = BCC375622397F45B001DE5F7 /* pinPhotos.xcdatamodeld */; };
		BCC375662397F465001DE5F7 /* Assets.xcassets in Resources */ = {isa = PBXBuildFile; fileRef = BCC375652397F465001DE5F7 /* Assets.xcassets */; };
		BCC375692397F465001DE5F7 /* LaunchScreen.storyboard in Resources */ = {isa = PBXBuildFile; fileRef = BCC375672397F465001DE5F7 /* LaunchScreen.storyboard */; };
/* End PBXBuildFile section */

/* Begin PBXFileReference section */
		BCC375562397F45B001DE5F7 /* pinPhotos.app */ = {isa = PBXFileReference; explicitFileType = wrapper.application; includeInIndex = 0; path = pinPhotos.app; sourceTree = BUILT_PRODUCTS_DIR; };
		BCC375592397F45B001DE5F7 /* AppDelegate.swift */ = {isa = PBXFileReference; lastKnownFileType = sourcecode.swift; path = AppDelegate.swift; sourceTree = "<group>"; };
		BCC3755B2397F45B001DE5F7 /* SceneDelegate.swift */ = {isa = PBXFileReference; lastKnownFileType = sourcecode.swift; path = SceneDelegate.swift; sourceTree = "<group>"; };
		BCC3755D2397F45B001DE5F7 /* ViewController.swift */ = {isa = PBXFileReference; lastKnownFileType = sourcecode.swift; path = ViewController.swift; sourceTree = "<group>"; };
		BCC375602397F45B001DE5F7 /* Base */ = {isa = PBXFileReference; lastKnownFileType = file.storyboard; name = Base; path = Base.lproj/Main.storyboard; sourceTree = "<group>"; };
		BCC375632397F45B001DE5F7 /* pinPhotos.xcdatamodel */ = {isa = PBXFileReference; lastKnownFileType = wrapper.xcdatamodel; path = pinPhotos.xcdatamodel; sourceTree = "<group>"; };
		BCC375652397F465001DE5F7 /* Assets.xcassets */ = {isa = PBXFileReference; lastKnownFileType = folder.assetcatalog; path = Assets.xcassets; sourceTree = "<group>"; };
		BCC375682397F465001DE5F7 /* Base */ = {isa = PBXFileReference; lastKnownFileType = file.storyboard; name = Base; path = Base.lproj/LaunchScreen.storyboard; sourceTree = "<group>"; };
		BCC3756A2397F465001DE5F7 /* Info.plist */ = {isa = PBXFileReference; lastKnownFileType = text.plist.xml; path = Info.plist; sourceTree = "<group>"; };
/* End PBXFileReference section */

/* Begin PBXFrameworksBuildPhase section */
		BCC375532397F45B001DE5F7 /* Frameworks */ = {
			isa = PBXFrameworksBuildPhase;
			buildActionMask = 2147483647;
			files = (
			);
			runOnlyForDeploymentPostprocessing = 0;
		};
/* End PBXFrameworksBuildPhase section */

/* Begin PBXGroup section */
		BCC3754D2397F45B001DE5F7 = {
			isa = PBXGroup;
			children = (
				BCC375582397F45B001DE5F7 /* pinPhotos */,
				BCC375572397F45B001DE5F7 /* Products */,
			);
			sourceTree = "<group>";
		};
		BCC375572397F45B001DE5F7 /* Products */ = {
			isa = PBXGroup;
			children = (
				BCC375562397F45B001DE5F7 /* pinPhotos.app */,
			);
			name = Products;
			sourceTree = "<group>";
		};
		BCC375582397F45B001DE5F7 /* pinPhotos */ = {
			isa = PBXGroup;
			children = (
				BCC375592397F45B001DE5F7 /* AppDelegate.swift */,
				BCC3755B2397F45B001DE5F7 /* SceneDelegate.swift */,
				BCC3755D2397F45B001DE5F7 /* ViewController.swift */,
				BCC3755F2397F45B001DE5F7 /* Main.storyboard */,
				BCC375652397F465001DE5F7 /* Assets.xcassets */,
				BCC375672397F465001DE5F7 /* LaunchScreen.storyboard */,
				BCC3756A2397F465001DE5F7 /* Info.plist */,
				BCC375622397F45B001DE5F7 /* pinPhotos.xcdatamodeld */,
			);
			path = pinPhotos;
			sourceTree = "<group>";
		};
/* End PBXGroup section */

/* Begin PBXNativeTarget section */
		BCC375552397F45B001DE5F7 /* pinPhotos */ = {
			isa = PBXNativeTarget;
			buildConfigurationList = BCC3756D2397F465001DE5F7 /* Build configuration list for PBXNativeTarget "pinPhotos" */;
			buildPhases = (
				BCC375522397F45B001DE5F7 /* Sources */,
				BCC375532397F45B001DE5F7 /* Frameworks */,
				BCC375542397F45B001DE5F7 /* Resources */,
			);
			buildRules = (
			);
			dependencies = (
			);
			name = pinPhotos;
			productName = pinPhotos;
			productReference = BCC375562397F45B001DE5F7 /* pinPhotos.app */;
			productType = "com.apple.product-type.application";
		};
/* End PBXNativeTarget section */

/* Begin PBXProject section */
		BCC3754E2397F45B001DE5F7 /* Project object */ = {
			isa = PBXProject;
			attributes = {
				LastSwiftUpdateCheck = 1120;
				LastUpgradeCheck = 1120;
				ORGANIZATIONNAME = "Karlis Cars";
				TargetAttributes = {
					BCC375552397F45B001DE5F7 = {
						CreatedOnToolsVersion = 11.2.1;
					};
				};
			};
			buildConfigurationList = BCC375512397F45B001DE5F7 /* Build configuration list for PBXProject "pinPhotos" */;
			compatibilityVersion = "Xcode 9.3";
			developmentRegion = en;
			hasScannedForEncodings = 0;
			knownRegions = (
				en,
				Base,
			);
			mainGroup = BCC3754D2397F45B001DE5F7;
			productRefGroup = BCC375572397F45B001DE5F7 /* Products */;
			projectDirPath = "";
			projectRoot = "";
			targets = (
				BCC375552397F45B001DE5F7 /* pinPhotos */,
			);
		};
/* End PBXProject section */

/* Begin PBXResourcesBuildPhase section */
		BCC375542397F45B001DE5F7 /* Resources */ = {
			isa = PBXResourcesBuildPhase;
			buildActionMask = 2147483647;
			files = (
				BCC375692397F465001DE5F7 /* LaunchScreen.storyboard in Resources */,
				BCC375662397F465001DE5F7 /* Assets.xcassets in Resources */,
				BCC375612397F45B001DE5F7 /* Main.storyboard in Resources */,
			);
			runOnlyForDeploymentPostprocessing = 0;
		};
/* End PBXResourcesBuildPhase section */

/* Begin PBXSourcesBuildPhase section */
		BCC375522397F45B001DE5F7 /* Sources */ = {
			isa = PBXSourcesBuildPhase;
			buildActionMask = 2147483647;
			files = (
				BCC3755E2397F45B001DE5F7 /* ViewController.swift in Sources */,
				BCC3755A2397F45B001DE5F7 /* AppDelegate.swift in Sources */,
				BCC375642397F45B001DE5F7 /* pinPhotos.xcdatamodeld in Sources */,
				BCC3755C2397F45B001DE5F7 /* SceneDelegate.swift in Sources */,
			);
			runOnlyForDeploymentPostprocessing = 0;
		};
/* End PBXSourcesBuildPhase section */

/* Begin PBXVariantGroup section */
		BCC3755F2397F45B001DE5F7 /* Main.storyboard */ = {
			isa = PBXVariantGroup;
			children = (
				BCC375602397F45B001DE5F7 /* Base */,
			);
			name = Main.storyboard;
			sourceTree = "<group>";
		};
		BCC375672397F465001DE5F7 /* LaunchScreen.storyboard */ = {
			isa = PBXVariantGroup;
			children = (
				BCC375682397F465001DE5F7 /* Base */,
			);
			name = LaunchScreen.storyboard;
			sourceTree = "<group>";
		};
/* End PBXVariantGroup section */

/* Begin XCBuildConfiguration section */
		BCC3756B2397F465001DE5F7 /* Debug */ = {
			isa = XCBuildConfiguration;
			buildSettings = {
				ALWAYS_SEARCH_USER_PATHS = NO;
				CLANG_ANALYZER_NONNULL = YES;
				CLANG_ANALYZER_NUMBER_OBJECT_CONVERSION = YES_AGGRESSIVE;
				CLANG_CXX_LANGUAGE_STANDARD = "gnu++14";
				CLANG_CXX_LIBRARY = "libc++";
				CLANG_ENABLE_MODULES = YES;
				CLANG_ENABLE_OBJC_ARC = YES;
				CLANG_ENABLE_OBJC_WEAK = YES;
				CLANG_WARN_BLOCK_CAPTURE_AUTORELEASING = YES;
				CLANG_WARN_BOOL_CONVERSION = YES;
				CLANG_WARN_COMMA = YES;
				CLANG_WARN_CONSTANT_CONVERSION = YES;
				CLANG_WARN_DEPRECATED_OBJC_IMPLEMENTATIONS = YES;
				CLANG_WARN_DIRECT_OBJC_ISA_USAGE = YES_ERROR;
				CLANG_WARN_DOCUMENTATION_COMMENTS = YES;
				CLANG_WARN_EMPTY_BODY = YES;
				CLANG_WARN_ENUM_CONVERSION = YES;
				CLANG_WARN_INFINITE_RECURSION = YES;
				CLANG_WARN_INT_CONVERSION = YES;
				CLANG_WARN_NON_LITERAL_NULL_CONVERSION = YES;
				CLANG_WARN_OBJC_IMPLICIT_RETAIN_SELF = YES;
				CLANG_WARN_OBJC_LITERAL_CONVERSION = YES;
				CLANG_WARN_OBJC_ROOT_CLASS = YES_ERROR;
				CLANG_WARN_RANGE_LOOP_ANALYSIS = YES;
				CLANG_WARN_STRICT_PROTOTYPES = YES;
				CLANG_WARN_SUSPICIOUS_MOVE = YES;
				CLANG_WARN_UNGUARDED_AVAILABILITY = YES_AGGRESSIVE;
				CLANG_WARN_UNREACHABLE_CODE = YES;
				CLANG_WARN__DUPLICATE_METHOD_MATCH = YES;
				COPY_PHASE_STRIP = NO;
				DEBUG_INFORMATION_FORMAT = dwarf;
				ENABLE_STRICT_OBJC_MSGSEND = YES;
				ENABLE_TESTABILITY = YES;
				GCC_C_LANGUAGE_STANDARD = gnu11;
				GCC_DYNAMIC_NO_PIC = NO;
				GCC_NO_COMMON_BLOCKS = YES;
				GCC_OPTIMIZATION_LEVEL = 0;
				GCC_PREPROCESSOR_DEFINITIONS = (
					"DEBUG=1",
					"$(inherited)",
				);
				GCC_WARN_64_TO_32_BIT_CONVERSION = YES;
				GCC_WARN_ABOUT_RETURN_TYPE = YES_ERROR;
				GCC_WARN_UNDECLARED_SELECTOR = YES;
				GCC_WARN_UNINITIALIZED_AUTOS = YES_AGGRESSIVE;
				GCC_WARN_UNUSED_FUNCTION = YES;
				GCC_WARN_UNUSED_VARIABLE = YES;
				IPHONEOS_DEPLOYMENT_TARGET = 13.2;
				MTL_ENABLE_DEBUG_INFO = INCLUDE_SOURCE;
				MTL_FAST_MATH = YES;
				ONLY_ACTIVE_ARCH = YES;
				SDKROOT = iphoneos;
				SWIFT_ACTIVE_COMPILATION_CONDITIONS = DEBUG;
				SWIFT_OPTIMIZATION_LEVEL = "-Onone";
			};
			name = Debug;
		};
		BCC3756C2397F465001DE5F7 /* Release */ = {
			isa = XCBuildConfiguration;
			buildSettings = {
				ALWAYS_SEARCH_USER_PATHS = NO;
				CLANG_ANALYZER_NONNULL = YES;
				CLANG_ANALYZER_NUMBER_OBJECT_CONVERSION = YES_AGGRESSIVE;
				CLANG_CXX_LANGUAGE_STANDARD = "gnu++14";
				CLANG_CXX_LIBRARY = "libc++";
				CLANG_ENABLE_MODULES = YES;
				CLANG_ENABLE_OBJC_ARC = YES;
				CLANG_ENABLE_OBJC_WEAK = YES;
				CLANG_WARN_BLOCK_CAPTURE_AUTORELEASING = YES;
				CLANG_WARN_BOOL_CONVERSION = YES;
				CLANG_WARN_COMMA = YES;
				CLANG_WARN_CONSTANT_CONVERSION = YES;
				CLANG_WARN_DEPRECATED_OBJC_IMPLEMENTATIONS = YES;
				CLANG_WARN_DIRECT_OBJC_ISA_USAGE = YES_ERROR;
				CLANG_WARN_DOCUMENTATION_COMMENTS = YES;
				CLANG_WARN_EMPTY_BODY = YES;
				CLANG_WARN_ENUM_CONVERSION = YES;
				CLANG_WARN_INFINITE_RECURSION = YES;
				CLANG_WARN_INT_CONVERSION = YES;
				CLANG_WARN_NON_LITERAL_NULL_CONVERSION = YES;
				CLANG_WARN_OBJC_IMPLICIT_RETAIN_SELF = YES;
				CLANG_WARN_OBJC_LITERAL_CONVERSION = YES;
				CLANG_WARN_OBJC_ROOT_CLASS = YES_ERROR;
				CLANG_WARN_RANGE_LOOP_ANALYSIS = YES;
				CLANG_WARN_STRICT_PROTOTYPES = YES;
				CLANG_WARN_SUSPICIOUS_MOVE = YES;
				CLANG_WARN_UNGUARDED_AVAILABILITY = YES_AGGRESSIVE;
				CLANG_WARN_UNREACHABLE_CODE = YES;
				CLANG_WARN__DUPLICATE_METHOD_MATCH = YES;
				COPY_PHASE_STRIP = NO;
				DEBUG_INFORMATION_FORMAT = "dwarf-with-dsym";
				ENABLE_NS_ASSERTIONS = NO;
				ENABLE_STRICT_OBJC_MSGSEND = YES;
				GCC_C_LANGUAGE_STANDARD = gnu11;
				GCC_NO_COMMON_BLOCKS = YES;
				GCC_WARN_64_TO_32_BIT_CONVERSION = YES;
				GCC_WARN_ABOUT_RETURN_TYPE = YES_ERROR;
				GCC_WARN_UNDECLARED_SELECTOR = YES;
				GCC_WARN_UNINITIALIZED_AUTOS = YES_AGGRESSIVE;
				GCC_WARN_UNUSED_FUNCTION = YES;
				GCC_WARN_UNUSED_VARIABLE = YES;
				IPHONEOS_DEPLOYMENT_TARGET = 13.2;
				MTL_ENABLE_DEBUG_INFO = NO;
				MTL_FAST_MATH = YES;
				SDKROOT = iphoneos;
				SWIFT_COMPILATION_MODE = wholemodule;
				SWIFT_OPTIMIZATION_LEVEL = "-O";
				VALIDATE_PRODUCT = YES;
			};
			name = Release;
		};
		BCC3756E2397F465001DE5F7 /* Debug */ = {
			isa = XCBuildConfiguration;
			buildSettings = {
				ASSETCATALOG_COMPILER_APPICON_NAME = AppIcon;
				CODE_SIGN_STYLE = Automatic;
				DEVELOPMENT_TEAM = 5LDM4NM6JZ;
				INFOPLIST_FILE = pinPhotos/Info.plist;
				LD_RUNPATH_SEARCH_PATHS = (
					"$(inherited)",
					"@executable_path/Frameworks",
				);
				PRODUCT_BUNDLE_IDENTIFIER = com.kcars.pinPhotos;
				PRODUCT_NAME = "$(TARGET_NAME)";
				SWIFT_VERSION = 5.0;
				TARGETED_DEVICE_FAMILY = "1,2";
			};
			name = Debug;
		};
		BCC3756F2397F465001DE5F7 /* Release */ = {
			isa = XCBuildConfiguration;
			buildSettings = {
				ASSETCATALOG_COMPILER_APPICON_NAME = AppIcon;
				CODE_SIGN_STYLE = Automatic;
				DEVELOPMENT_TEAM = 5LDM4NM6JZ;
				INFOPLIST_FILE = pinPhotos/Info.plist;
				LD_RUNPATH_SEARCH_PATHS = (
					"$(inherited)",
					"@executable_path/Frameworks",
				);
				PRODUCT_BUNDLE_IDENTIFIER = com.kcars.pinPhotos;
				PRODUCT_NAME = "$(TARGET_NAME)";
				SWIFT_VERSION = 5.0;
				TARGETED_DEVICE_FAMILY = "1,2";
			};
			name = Release;
		};
/* End XCBuildConfiguration section */

/* Begin XCConfigurationList section */
		BCC375512397F45B001DE5F7 /* Build configuration list for PBXProject "pinPhotos" */ = {
			isa = XCConfigurationList;
			buildConfigurations = (
				BCC3756B2397F465001DE5F7 /* Debug */,
				BCC3756C2397F465001DE5F7 /* Release */,
			);
			defaultConfigurationIsVisible = 0;
			defaultConfigurationName = Release;
		};
		BCC3756D2397F465001DE5F7 /* Build configuration list for PBXNativeTarget "pinPhotos" */ = {
			isa = XCConfigurationList;
			buildConfigurations = (
				BCC3756E2397F465001DE5F7 /* Debug */,
				BCC3756F2397F465001DE5F7 /* Release */,
			);
			defaultConfigurationIsVisible = 0;
			defaultConfigurationName = Release;
		};
/* End XCConfigurationList section */

/* Begin XCVersionGroup section */
		BCC375622397F45B001DE5F7 /* pinPhotos.xcdatamodeld */ = {
			isa = XCVersionGroup;
			children = (
				BCC375632397F45B001DE5F7 /* pinPhotos.xcdatamodel */,
			);
			currentVersion = BCC375632397F45B001DE5F7 /* pinPhotos.xcdatamodel */;
			path = pinPhotos.xcdatamodeld;
			sourceTree = "<group>";
			versionGroupType = wrapper.xcdatamodel;
		};
/* End XCVersionGroup section */
	};
	rootObject = BCC3754E2397F45B001DE5F7 /* Project object */;
}
